
Microsoft Visual Studio Solution File, Format Version 12.00
# Visual Studio Version 16
VisualStudioVersion = 16.0.29728.190
MinimumVisualStudioVersion = 10.0.40219.1
Project("{00D1A9C2-B5F0-4AF3-8072-F6C62B433612}") = "Database", "Database\Database.sqlproj", "{206E3EC6-A215-4DFC-A0B3-397F376839CC}"
EndProject
Project("{FAE04EC0-301F-11D3-BF4B-00C04F79EFBC}") = "DAL", "DAL\DAL.csproj", "{C636BDCA-B20F-402D-965E-A9BEA6FBB65D}"
EndProject
Global
	GlobalSection(SolutionConfigurationPlatforms) = preSolution
		Debug|Any CPU = Debug|Any CPU
		Release|Any CPU = Release|Any CPU
	EndGlobalSection
	GlobalSection(ProjectConfigurationPlatforms) = postSolution
		{206E3EC6-A215-4DFC-A0B3-397F376839CC}.Debug|Any CPU.ActiveCfg = Debug|Any CPU
		{206E3EC6-A215-4DFC-A0B3-397F376839CC}.Debug|Any CPU.Build.0 = Debug|Any CPU
		{206E3EC6-A215-4DFC-A0B3-397F376839CC}.Debug|Any CPU.Deploy.0 = Debug|Any CPU
		{206E3EC6-A215-4DFC-A0B3-397F376839CC}.Release|Any CPU.ActiveCfg = Release|Any CPU
		{206E3EC6-A215-4DFC-A0B3-397F376839CC}.Release|Any CPU.Build.0 = Release|Any CPU
		{206E3EC6-A215-4DFC-A0B3-397F376839CC}.Release|Any CPU.Deploy.0 = Release|Any CPU
		{C636BDCA-B20F-402D-965E-A9BEA6FBB65D}.Debug|Any CPU.ActiveCfg = Debug|Any CPU
		{C636BDCA-B20F-402D-965E-A9BEA6FBB65D}.Debug|Any CPU.Build.0 = Debug|Any CPU
		{C636BDCA-B20F-402D-965E-A9BEA6FBB65D}.Release|Any CPU.ActiveCfg = Release|Any CPU
		{C636BDCA-B20F-402D-965E-A9BEA6FBB65D}.Release|Any CPU.Build.0 = Release|Any CPU
	EndGlobalSection
	GlobalSection(SolutionProperties) = preSolution
		HideSolutionNode = FALSE
	EndGlobalSection
	GlobalSection(ExtensibilityGlobals) = postSolution
		SolutionGuid = {E5A20565-16DC-4619-9E19-8617591A426E}
	EndGlobalSection
EndGlobal
